
Microsoft Visual Studio Solution File, Format Version 12.00
# Visual Studio Version 17
VisualStudioVersion = 17.0.31717.71
MinimumVisualStudioVersion = 10.0.40219.1
Project("{54A90642-561A-4BB1-A94E-469ADEE60C69}") = "HealthCheck", "Chapter_02\HealthCheck\HealthCheck\HealthCheck.esproj", "{82D1ECA4-35FE-4B97-B589-62027CFB463A}"
EndProject
Project("{9A19103F-16F7-4668-BE54-9A1E7A4F7556}") = "HealthCheckAPI", "Chapter_02\HealthCheck\HealthCheckAPI\HealthCheckAPI.csproj", "{5F15F41A-E0E3-4255-8C43-5951C7C390E0}"
EndProject
Project("{2150E333-8FDC-42A3-9474-1A3956D46DE8}") = "Chapter_02", "Chapter_02", "{140556ED-D57C-4E0F-B2DC-F0510E1EA865}"
EndProject
Project("{2150E333-8FDC-42A3-9474-1A3956D46DE8}") = "Chapter_03", "Chapter_03", "{14FF60BE-85E8-4864-8474-5F593AE00268}"
EndProject
Project("{54A90642-561A-4BB1-A94E-469ADEE60C69}") = "HealthCheck", "Chapter_03\HealthCheck\HealthCheck\HealthCheck.esproj", "{8F6C685F-85CF-453B-8E88-F3443F68DDFC}"
EndProject
Project("{9A19103F-16F7-4668-BE54-9A1E7A4F7556}") = "HealthCheckAPI", "Chapter_03\HealthCheck\HealthCheckAPI\HealthCheckAPI.csproj", "{BCCC4971-377A-4C3F-A21A-65FAC10A5050}"
EndProject
Project("{2150E333-8FDC-42A3-9474-1A3956D46DE8}") = "Chapter_04", "Chapter_04", "{AE225397-C8F6-45CF-A5CF-3715B784BAC8}"
EndProject
Project("{54A90642-561A-4BB1-A94E-469ADEE60C69}") = "HealthCheck", "Chapter_04\HealthCheck\HealthCheck\HealthCheck.esproj", "{9C11742F-F6C1-4E25-AF95-DAA4EF08A157}"
EndProject
Project("{9A19103F-16F7-4668-BE54-9A1E7A4F7556}") = "HealthCheckAPI", "Chapter_04\HealthCheck\HealthCheckAPI\HealthCheckAPI.csproj", "{D164955E-626F-40BD-8E3E-95E28E4B7353}"
EndProject
Project("{2150E333-8FDC-42A3-9474-1A3956D46DE8}") = "Chapter_05", "Chapter_05", "{1E662F8B-1A08-4CC7-B586-42E8B6C063F0}"
EndProject
Project("{54A90642-561A-4BB1-A94E-469ADEE60C69}") = "WorldCities", "Chapter_05\WorldCities\WorldCities\WorldCities.esproj", "{0E4F329B-B531-49CB-A8B3-199A900FFCDF}"
EndProject
Project("{9A19103F-16F7-4668-BE54-9A1E7A4F7556}") = "WorldCitiesAPI", "Chapter_05\WorldCities\WorldCitiesAPI\WorldCitiesAPI.csproj", "{4518B74F-5716-4C96-BC2E-136245896EB3}"
EndProject
Project("{2150E333-8FDC-42A3-9474-1A3956D46DE8}") = "Chapter_06", "Chapter_06", "{A0F06069-CBFB-4A0C-89E6-7726E3836020}"
EndProject
Project("{54A90642-561A-4BB1-A94E-469ADEE60C69}") = "WorldCities", "Chapter_06\WorldCities\WorldCities\WorldCities.esproj", "{2967323D-82A5-43B8-9A5B-D9F90C70C4CD}"
EndProject
Project("{9A19103F-16F7-4668-BE54-9A1E7A4F7556}") = "WorldCitiesAPI", "Chapter_06\WorldCities\WorldCitiesAPI\WorldCitiesAPI.csproj", "{245BF825-F54B-40B1-841F-5356F92E042F}"
EndProject
Project("{2150E333-8FDC-42A3-9474-1A3956D46DE8}") = "Chapter_07", "Chapter_07", "{DFA257AD-7C7E-48E2-A054-9DCFD9DAA0B8}"
EndProject
Project("{54A90642-561A-4BB1-A94E-469ADEE60C69}") = "WorldCities", "Chapter_07\WorldCities\WorldCities\WorldCities.esproj", "{1021DB5F-163C-4ED9-8DEB-60F57BCB6EC4}"
EndProject
Project("{9A19103F-16F7-4668-BE54-9A1E7A4F7556}") = "WorldCitiesAPI", "Chapter_07\WorldCities\WorldCitiesAPI\WorldCitiesAPI.csproj", "{2E7995BB-E8C9-45AF-A307-05BEAED9380F}"
EndProject
Project("{2150E333-8FDC-42A3-9474-1A3956D46DE8}") = "Chapter_08", "Chapter_08", "{7FE05A29-C457-4008-AB53-45D7E9ACB455}"
EndProject
Project("{54A90642-561A-4BB1-A94E-469ADEE60C69}") = "WorldCities", "Chapter_08\WorldCities\WorldCities\WorldCities.esproj", "{A7278521-E23A-4D36-81D9-82A3ABAFBAC9}"
EndProject
Project("{9A19103F-16F7-4668-BE54-9A1E7A4F7556}") = "WorldCitiesAPI", "Chapter_08\WorldCities\WorldCitiesAPI\WorldCitiesAPI.csproj", "{2D165ABD-A5A1-459C-A589-F53A25230DF5}"
EndProject
Project("{2150E333-8FDC-42A3-9474-1A3956D46DE8}") = "Chapter_09", "Chapter_09", "{D3F54123-3795-43DB-86E2-078F48F8E267}"
EndProject
Project("{54A90642-561A-4BB1-A94E-469ADEE60C69}") = "WorldCities", "Chapter_09\WorldCities\WorldCities\WorldCities.esproj", "{4C438666-511D-41E7-9AEE-1DA855F60061}"
EndProject
Project("{9A19103F-16F7-4668-BE54-9A1E7A4F7556}") = "WorldCitiesAPI", "Chapter_09\WorldCities\WorldCitiesAPI\WorldCitiesAPI.csproj", "{8F93313C-FB8A-4E93-AAC9-DEB450654EF2}"
EndProject
Project("{2150E333-8FDC-42A3-9474-1A3956D46DE8}") = "Chapter_10", "Chapter_10", "{AE229EFB-4D5C-44A7-A40D-2AA5F7F629C1}"
EndProject
Project("{54A90642-561A-4BB1-A94E-469ADEE60C69}") = "WorldCities", "Chapter_10\WorldCities\WorldCities\WorldCities.esproj", "{FB623251-DF16-4A3A-B88B-61E28E41A4B4}"
EndProject
Project("{9A19103F-16F7-4668-BE54-9A1E7A4F7556}") = "WorldCitiesAPI", "Chapter_10\WorldCities\WorldCitiesAPI\WorldCitiesAPI.csproj", "{174CDDB0-5334-4043-B55B-9B17B3D306E4}"
EndProject
Project("{9A19103F-16F7-4668-BE54-9A1E7A4F7556}") = "WorldCitiesAPI.Tests", "Chapter_10\WorldCities\WorldCitiesAPI.Tests\WorldCitiesAPI.Tests.csproj", "{E3FC46B5-80AB-4D3D-981D-C641636B691D}"
EndProject
Project("{2150E333-8FDC-42A3-9474-1A3956D46DE8}") = "Chapter_11", "Chapter_11", "{D31EAE47-E3B8-435D-B1FA-E4E95AF391DB}"
EndProject
Project("{54A90642-561A-4BB1-A94E-469ADEE60C69}") = "WorldCities", "Chapter_11\WorldCities\WorldCities\WorldCities.esproj", "{E6043F7C-19A7-4B15-B482-64810232DC85}"
EndProject
Project("{9A19103F-16F7-4668-BE54-9A1E7A4F7556}") = "WorldCitiesAPI", "Chapter_11\WorldCities\WorldCitiesAPI\WorldCitiesAPI.csproj", "{855139F1-F5A1-45A1-B1F9-9FCB7D1DD1EA}"
EndProject
Project("{9A19103F-16F7-4668-BE54-9A1E7A4F7556}") = "WorldCitiesAPI.Tests", "Chapter_11\WorldCities\WorldCitiesAPI.Tests\WorldCitiesAPI.Tests.csproj", "{F5A9DC3C-E62E-40E9-8FCD-3A76BEC7C8A1}"
EndProject
Project("{2150E333-8FDC-42A3-9474-1A3956D46DE8}") = "Chapter_12", "Chapter_12", "{C064FC09-8BB2-4911-B6D4-64EFA8B5ADF5}"
EndProject
Project("{54A90642-561A-4BB1-A94E-469ADEE60C69}") = "WorldCities", "Chapter_12\WorldCities\WorldCities\WorldCities.esproj", "{6FA42F3E-2E9C-4125-AD08-76BB3DF59433}"
EndProject
Project("{9A19103F-16F7-4668-BE54-9A1E7A4F7556}") = "WorldCitiesAPI", "Chapter_12\WorldCities\WorldCitiesAPI\WorldCitiesAPI.csproj", "{3291D7BD-948B-4CF6-B542-656070FBF1CD}"
EndProject
Project("{54A90642-561A-4BB1-A94E-469ADEE60C69}") = "HealthCheck", "Chapter_12\HealthCheck\HealthCheck\HealthCheck.esproj", "{A21DF44F-C35A-4337-A205-BC8397755FA9}"
EndProject
Project("{9A19103F-16F7-4668-BE54-9A1E7A4F7556}") = "HealthCheckAPI", "Chapter_12\HealthCheck\HealthCheckAPI\HealthCheckAPI.csproj", "{0A0AE29E-86AE-473F-89CD-E13651A8D0D8}"
EndProject
Project("{2150E333-8FDC-42A3-9474-1A3956D46DE8}") = "Chapter_13", "Chapter_13", "{49FA47EF-96C5-47F5-8FBD-AB3650B75632}"
EndProject
Project("{54A90642-561A-4BB1-A94E-469ADEE60C69}") = "WorldCities", "Chapter_13\WorldCities\WorldCities\WorldCities.esproj", "{3746D363-2682-4EF1-856C-69D406BE1406}"
EndProject
Project("{9A19103F-16F7-4668-BE54-9A1E7A4F7556}") = "WorldCitiesAPI", "Chapter_13\WorldCities\WorldCitiesAPI\WorldCitiesAPI.csproj", "{B5C5CEA2-C825-4C0C-AF89-36EB9311EB96}"
EndProject
Project("{2150E333-8FDC-42A3-9474-1A3956D46DE8}") = "Chapter_14", "Chapter_14", "{0542C931-9F9F-46B3-800E-9E4DF802B499}"
EndProject
Project("{54A90642-561A-4BB1-A94E-469ADEE60C69}") = "HealthCheck", "Chapter_14\HealthCheck\HealthCheck\HealthCheck.esproj", "{22061440-6260-4A10-B472-C301F649E2B4}"
EndProject
Project("{9A19103F-16F7-4668-BE54-9A1E7A4F7556}") = "HealthCheckAPI", "Chapter_14\HealthCheck\HealthCheckAPI\HealthCheckAPI.csproj", "{4E2A12A4-549C-404D-8B43-D3C07C2881C2}"
EndProject
Project("{2150E333-8FDC-42A3-9474-1A3956D46DE8}") = "Chapter_15", "Chapter_15", "{7F28D9CB-8BD4-4F13-9A58-5B25F7BB4626}"
EndProject
Project("{54A90642-561A-4BB1-A94E-469ADEE60C69}") = "HealthCheck", "Chapter_15\HealthCheck\HealthCheck\HealthCheck.esproj", "{2400E420-7156-4CAE-857D-5C81E7D8554C}"
EndProject
Project("{9A19103F-16F7-4668-BE54-9A1E7A4F7556}") = "HealthCheckAPI", "Chapter_15\HealthCheck\HealthCheckAPI\HealthCheckAPI.csproj", "{89CC03ED-2E55-46C6-91AA-3E2B33B8E72D}"
EndProject
Project("{54A90642-561A-4BB1-A94E-469ADEE60C69}") = "WorldCities", "Chapter_15\WorldCities\WorldCities\WorldCities.esproj", "{D717729D-FD47-4FBF-A83F-E6A5A18B9926}"
EndProject
Project("{9A19103F-16F7-4668-BE54-9A1E7A4F7556}") = "WorldCitiesAPI", "Chapter_15\WorldCities\WorldCitiesAPI\WorldCitiesAPI.csproj", "{8102E4FB-5C90-4831-B87A-1F6DE9A06565}"
EndProject
Project("{2150E333-8FDC-42A3-9474-1A3956D46DE8}") = "_LinuxVM_ConfigFiles", "_LinuxVM_ConfigFiles", "{EB6B4FE5-9BBA-4D0C-B91D-1071B5170571}"
	ProjectSection(SolutionItems) = preProject
		Chapter_15\_LinuxVM_ConfigFiles\kestrel-WorldCitiesAPI.service = Chapter_15\_LinuxVM_ConfigFiles\kestrel-WorldCitiesAPI.service
		Chapter_15\_LinuxVM_ConfigFiles\nginx-WorldCities.conf = Chapter_15\_LinuxVM_ConfigFiles\nginx-WorldCities.conf
		Chapter_15\_LinuxVM_ConfigFiles\nginx-WorldCitiesAPI.conf = Chapter_15\_LinuxVM_ConfigFiles\nginx-WorldCitiesAPI.conf
	EndProjectSection
EndProject
Global
	GlobalSection(SolutionConfigurationPlatforms) = preSolution
		Debug|Any CPU = Debug|Any CPU
		Release|Any CPU = Release|Any CPU
	EndGlobalSection
	GlobalSection(ProjectConfigurationPlatforms) = postSolution
		{82D1ECA4-35FE-4B97-B589-62027CFB463A}.Debug|Any CPU.ActiveCfg = Debug|Any CPU
		{82D1ECA4-35FE-4B97-B589-62027CFB463A}.Debug|Any CPU.Build.0 = Debug|Any CPU
		{82D1ECA4-35FE-4B97-B589-62027CFB463A}.Debug|Any CPU.Deploy.0 = Debug|Any CPU
		{82D1ECA4-35FE-4B97-B589-62027CFB463A}.Release|Any CPU.ActiveCfg = Release|Any CPU
		{82D1ECA4-35FE-4B97-B589-62027CFB463A}.Release|Any CPU.Build.0 = Release|Any CPU
		{82D1ECA4-35FE-4B97-B589-62027CFB463A}.Release|Any CPU.Deploy.0 = Release|Any CPU
		{5F15F41A-E0E3-4255-8C43-5951C7C390E0}.Debug|Any CPU.ActiveCfg = Debug|Any CPU
		{5F15F41A-E0E3-4255-8C43-5951C7C390E0}.Debug|Any CPU.Build.0 = Debug|Any CPU
		{5F15F41A-E0E3-4255-8C43-5951C7C390E0}.Release|Any CPU.ActiveCfg = Release|Any CPU
		{5F15F41A-E0E3-4255-8C43-5951C7C390E0}.Release|Any CPU.Build.0 = Release|Any CPU
		{8F6C685F-85CF-453B-8E88-F3443F68DDFC}.Debug|Any CPU.ActiveCfg = Debug|Any CPU
		{8F6C685F-85CF-453B-8E88-F3443F68DDFC}.Debug|Any CPU.Build.0 = Debug|Any CPU
		{8F6C685F-85CF-453B-8E88-F3443F68DDFC}.Debug|Any CPU.Deploy.0 = Debug|Any CPU
		{8F6C685F-85CF-453B-8E88-F3443F68DDFC}.Release|Any CPU.ActiveCfg = Release|Any CPU
		{8F6C685F-85CF-453B-8E88-F3443F68DDFC}.Release|Any CPU.Build.0 = Release|Any CPU
		{8F6C685F-85CF-453B-8E88-F3443F68DDFC}.Release|Any CPU.Deploy.0 = Release|Any CPU
		{BCCC4971-377A-4C3F-A21A-65FAC10A5050}.Debug|Any CPU.ActiveCfg = Debug|Any CPU
		{BCCC4971-377A-4C3F-A21A-65FAC10A5050}.Debug|Any CPU.Build.0 = Debug|Any CPU
		{BCCC4971-377A-4C3F-A21A-65FAC10A5050}.Release|Any CPU.ActiveCfg = Release|Any CPU
		{BCCC4971-377A-4C3F-A21A-65FAC10A5050}.Release|Any CPU.Build.0 = Release|Any CPU
		{9C11742F-F6C1-4E25-AF95-DAA4EF08A157}.Debug|Any CPU.ActiveCfg = Debug|Any CPU
		{9C11742F-F6C1-4E25-AF95-DAA4EF08A157}.Debug|Any CPU.Build.0 = Debug|Any CPU
		{9C11742F-F6C1-4E25-AF95-DAA4EF08A157}.Debug|Any CPU.Deploy.0 = Debug|Any CPU
		{9C11742F-F6C1-4E25-AF95-DAA4EF08A157}.Release|Any CPU.ActiveCfg = Release|Any CPU
		{9C11742F-F6C1-4E25-AF95-DAA4EF08A157}.Release|Any CPU.Build.0 = Release|Any CPU
		{9C11742F-F6C1-4E25-AF95-DAA4EF08A157}.Release|Any CPU.Deploy.0 = Release|Any CPU
		{D164955E-626F-40BD-8E3E-95E28E4B7353}.Debug|Any CPU.ActiveCfg = Debug|Any CPU
		{D164955E-626F-40BD-8E3E-95E28E4B7353}.Debug|Any CPU.Build.0 = Debug|Any CPU
		{D164955E-626F-40BD-8E3E-95E28E4B7353}.Release|Any CPU.ActiveCfg = Release|Any CPU
		{D164955E-626F-40BD-8E3E-95E28E4B7353}.Release|Any CPU.Build.0 = Release|Any CPU
		{0E4F329B-B531-49CB-A8B3-199A900FFCDF}.Debug|Any CPU.ActiveCfg = Debug|Any CPU
		{0E4F329B-B531-49CB-A8B3-199A900FFCDF}.Debug|Any CPU.Build.0 = Debug|Any CPU
		{0E4F329B-B531-49CB-A8B3-199A900FFCDF}.Debug|Any CPU.Deploy.0 = Debug|Any CPU
		{0E4F329B-B531-49CB-A8B3-199A900FFCDF}.Release|Any CPU.ActiveCfg = Release|Any CPU
		{0E4F329B-B531-49CB-A8B3-199A900FFCDF}.Release|Any CPU.Build.0 = Release|Any CPU
		{0E4F329B-B531-49CB-A8B3-199A900FFCDF}.Release|Any CPU.Deploy.0 = Release|Any CPU
		{4518B74F-5716-4C96-BC2E-136245896EB3}.Debug|Any CPU.ActiveCfg = Debug|Any CPU
		{4518B74F-5716-4C96-BC2E-136245896EB3}.Debug|Any CPU.Build.0 = Debug|Any CPU
		{4518B74F-5716-4C96-BC2E-136245896EB3}.Release|Any CPU.ActiveCfg = Release|Any CPU
		{4518B74F-5716-4C96-BC2E-136245896EB3}.Release|Any CPU.Build.0 = Release|Any CPU
		{2967323D-82A5-43B8-9A5B-D9F90C70C4CD}.Debug|Any CPU.ActiveCfg = Debug|Any CPU
		{2967323D-82A5-43B8-9A5B-D9F90C70C4CD}.Debug|Any CPU.Build.0 = Debug|Any CPU
		{2967323D-82A5-43B8-9A5B-D9F90C70C4CD}.Debug|Any CPU.Deploy.0 = Debug|Any CPU
		{2967323D-82A5-43B8-9A5B-D9F90C70C4CD}.Release|Any CPU.ActiveCfg = Release|Any CPU
		{2967323D-82A5-43B8-9A5B-D9F90C70C4CD}.Release|Any CPU.Build.0 = Release|Any CPU
		{2967323D-82A5-43B8-9A5B-D9F90C70C4CD}.Release|Any CPU.Deploy.0 = Release|Any CPU
		{245BF825-F54B-40B1-841F-5356F92E042F}.Debug|Any CPU.ActiveCfg = Debug|Any CPU
		{245BF825-F54B-40B1-841F-5356F92E042F}.Debug|Any CPU.Build.0 = Debug|Any CPU
		{245BF825-F54B-40B1-841F-5356F92E042F}.Release|Any CPU.ActiveCfg = Release|Any CPU
		{245BF825-F54B-40B1-841F-5356F92E042F}.Release|Any CPU.Build.0 = Release|Any CPU
		{1021DB5F-163C-4ED9-8DEB-60F57BCB6EC4}.Debug|Any CPU.ActiveCfg = Debug|Any CPU
		{1021DB5F-163C-4ED9-8DEB-60F57BCB6EC4}.Debug|Any CPU.Build.0 = Debug|Any CPU
		{1021DB5F-163C-4ED9-8DEB-60F57BCB6EC4}.Debug|Any CPU.Deploy.0 = Debug|Any CPU
		{1021DB5F-163C-4ED9-8DEB-60F57BCB6EC4}.Release|Any CPU.ActiveCfg = Release|Any CPU
		{1021DB5F-163C-4ED9-8DEB-60F57BCB6EC4}.Release|Any CPU.Build.0 = Release|Any CPU
		{1021DB5F-163C-4ED9-8DEB-60F57BCB6EC4}.Release|Any CPU.Deploy.0 = Release|Any CPU
		{2E7995BB-E8C9-45AF-A307-05BEAED9380F}.Debug|Any CPU.ActiveCfg = Debug|Any CPU
		{2E7995BB-E8C9-45AF-A307-05BEAED9380F}.Debug|Any CPU.Build.0 = Debug|Any CPU
		{2E7995BB-E8C9-45AF-A307-05BEAED9380F}.Release|Any CPU.ActiveCfg = Release|Any CPU
		{2E7995BB-E8C9-45AF-A307-05BEAED9380F}.Release|Any CPU.Build.0 = Release|Any CPU
		{A7278521-E23A-4D36-81D9-82A3ABAFBAC9}.Debug|Any CPU.ActiveCfg = Debug|Any CPU
		{A7278521-E23A-4D36-81D9-82A3ABAFBAC9}.Debug|Any CPU.Build.0 = Debug|Any CPU
		{A7278521-E23A-4D36-81D9-82A3ABAFBAC9}.Debug|Any CPU.Deploy.0 = Debug|Any CPU
		{A7278521-E23A-4D36-81D9-82A3ABAFBAC9}.Release|Any CPU.ActiveCfg = Release|Any CPU
		{A7278521-E23A-4D36-81D9-82A3ABAFBAC9}.Release|Any CPU.Build.0 = Release|Any CPU
		{A7278521-E23A-4D36-81D9-82A3ABAFBAC9}.Release|Any CPU.Deploy.0 = Release|Any CPU
		{2D165ABD-A5A1-459C-A589-F53A25230DF5}.Debug|Any CPU.ActiveCfg = Debug|Any CPU
		{2D165ABD-A5A1-459C-A589-F53A25230DF5}.Debug|Any CPU.Build.0 = Debug|Any CPU
		{2D165ABD-A5A1-459C-A589-F53A25230DF5}.Release|Any CPU.ActiveCfg = Release|Any CPU
		{2D165ABD-A5A1-459C-A589-F53A25230DF5}.Release|Any CPU.Build.0 = Release|Any CPU
		{4C438666-511D-41E7-9AEE-1DA855F60061}.Debug|Any CPU.ActiveCfg = Debug|Any CPU
		{4C438666-511D-41E7-9AEE-1DA855F60061}.Debug|Any CPU.Build.0 = Debug|Any CPU
		{4C438666-511D-41E7-9AEE-1DA855F60061}.Debug|Any CPU.Deploy.0 = Debug|Any CPU
		{4C438666-511D-41E7-9AEE-1DA855F60061}.Release|Any CPU.ActiveCfg = Release|Any CPU
		{4C438666-511D-41E7-9AEE-1DA855F60061}.Release|Any CPU.Build.0 = Release|Any CPU
		{4C438666-511D-41E7-9AEE-1DA855F60061}.Release|Any CPU.Deploy.0 = Release|Any CPU
		{8F93313C-FB8A-4E93-AAC9-DEB450654EF2}.Debug|Any CPU.ActiveCfg = Debug|Any CPU
		{8F93313C-FB8A-4E93-AAC9-DEB450654EF2}.Debug|Any CPU.Build.0 = Debug|Any CPU
		{8F93313C-FB8A-4E93-AAC9-DEB450654EF2}.Release|Any CPU.ActiveCfg = Release|Any CPU
		{8F93313C-FB8A-4E93-AAC9-DEB450654EF2}.Release|Any CPU.Build.0 = Release|Any CPU
		{FB623251-DF16-4A3A-B88B-61E28E41A4B4}.Debug|Any CPU.ActiveCfg = Debug|Any CPU
		{FB623251-DF16-4A3A-B88B-61E28E41A4B4}.Debug|Any CPU.Build.0 = Debug|Any CPU
		{FB623251-DF16-4A3A-B88B-61E28E41A4B4}.Debug|Any CPU.Deploy.0 = Debug|Any CPU
		{FB623251-DF16-4A3A-B88B-61E28E41A4B4}.Release|Any CPU.ActiveCfg = Release|Any CPU
		{FB623251-DF16-4A3A-B88B-61E28E41A4B4}.Release|Any CPU.Build.0 = Release|Any CPU
		{FB623251-DF16-4A3A-B88B-61E28E41A4B4}.Release|Any CPU.Deploy.0 = Release|Any CPU
		{174CDDB0-5334-4043-B55B-9B17B3D306E4}.Debug|Any CPU.ActiveCfg = Debug|Any CPU
		{174CDDB0-5334-4043-B55B-9B17B3D306E4}.Debug|Any CPU.Build.0 = Debug|Any CPU
		{174CDDB0-5334-4043-B55B-9B17B3D306E4}.Release|Any CPU.ActiveCfg = Release|Any CPU
		{174CDDB0-5334-4043-B55B-9B17B3D306E4}.Release|Any CPU.Build.0 = Release|Any CPU
		{E3FC46B5-80AB-4D3D-981D-C641636B691D}.Debug|Any CPU.ActiveCfg = Debug|Any CPU
		{E3FC46B5-80AB-4D3D-981D-C641636B691D}.Debug|Any CPU.Build.0 = Debug|Any CPU
		{E3FC46B5-80AB-4D3D-981D-C641636B691D}.Release|Any CPU.ActiveCfg = Release|Any CPU
		{E3FC46B5-80AB-4D3D-981D-C641636B691D}.Release|Any CPU.Build.0 = Release|Any CPU
		{E6043F7C-19A7-4B15-B482-64810232DC85}.Debug|Any CPU.ActiveCfg = Debug|Any CPU
		{E6043F7C-19A7-4B15-B482-64810232DC85}.Debug|Any CPU.Build.0 = Debug|Any CPU
		{E6043F7C-19A7-4B15-B482-64810232DC85}.Debug|Any CPU.Deploy.0 = Debug|Any CPU
		{E6043F7C-19A7-4B15-B482-64810232DC85}.Release|Any CPU.ActiveCfg = Release|Any CPU
		{E6043F7C-19A7-4B15-B482-64810232DC85}.Release|Any CPU.Build.0 = Release|Any CPU
		{E6043F7C-19A7-4B15-B482-64810232DC85}.Release|Any CPU.Deploy.0 = Release|Any CPU
		{855139F1-F5A1-45A1-B1F9-9FCB7D1DD1EA}.Debug|Any CPU.ActiveCfg = Debug|Any CPU
		{855139F1-F5A1-45A1-B1F9-9FCB7D1DD1EA}.Debug|Any CPU.Build.0 = Debug|Any CPU
		{855139F1-F5A1-45A1-B1F9-9FCB7D1DD1EA}.Release|Any CPU.ActiveCfg = Release|Any CPU
		{855139F1-F5A1-45A1-B1F9-9FCB7D1DD1EA}.Release|Any CPU.Build.0 = Release|Any CPU
		{F5A9DC3C-E62E-40E9-8FCD-3A76BEC7C8A1}.Debug|Any CPU.ActiveCfg = Debug|Any CPU
		{F5A9DC3C-E62E-40E9-8FCD-3A76BEC7C8A1}.Debug|Any CPU.Build.0 = Debug|Any CPU
		{F5A9DC3C-E62E-40E9-8FCD-3A76BEC7C8A1}.Release|Any CPU.ActiveCfg = Release|Any CPU
		{F5A9DC3C-E62E-40E9-8FCD-3A76BEC7C8A1}.Release|Any CPU.Build.0 = Release|Any CPU
		{6FA42F3E-2E9C-4125-AD08-76BB3DF59433}.Debug|Any CPU.ActiveCfg = Debug|Any CPU
		{6FA42F3E-2E9C-4125-AD08-76BB3DF59433}.Debug|Any CPU.Build.0 = Debug|Any CPU
		{6FA42F3E-2E9C-4125-AD08-76BB3DF59433}.Debug|Any CPU.Deploy.0 = Debug|Any CPU
		{6FA42F3E-2E9C-4125-AD08-76BB3DF59433}.Release|Any CPU.ActiveCfg = Release|Any CPU
		{6FA42F3E-2E9C-4125-AD08-76BB3DF59433}.Release|Any CPU.Build.0 = Release|Any CPU
		{6FA42F3E-2E9C-4125-AD08-76BB3DF59433}.Release|Any CPU.Deploy.0 = Release|Any CPU
		{3291D7BD-948B-4CF6-B542-656070FBF1CD}.Debug|Any CPU.ActiveCfg = Debug|Any CPU
		{3291D7BD-948B-4CF6-B542-656070FBF1CD}.Debug|Any CPU.Build.0 = Debug|Any CPU
		{3291D7BD-948B-4CF6-B542-656070FBF1CD}.Release|Any CPU.ActiveCfg = Release|Any CPU
		{3291D7BD-948B-4CF6-B542-656070FBF1CD}.Release|Any CPU.Build.0 = Release|Any CPU
		{A21DF44F-C35A-4337-A205-BC8397755FA9}.Debug|Any CPU.ActiveCfg = Debug|Any CPU
		{A21DF44F-C35A-4337-A205-BC8397755FA9}.Debug|Any CPU.Build.0 = Debug|Any CPU
		{A21DF44F-C35A-4337-A205-BC8397755FA9}.Debug|Any CPU.Deploy.0 = Debug|Any CPU
		{A21DF44F-C35A-4337-A205-BC8397755FA9}.Release|Any CPU.ActiveCfg = Release|Any CPU
		{A21DF44F-C35A-4337-A205-BC8397755FA9}.Release|Any CPU.Build.0 = Release|Any CPU
		{A21DF44F-C35A-4337-A205-BC8397755FA9}.Release|Any CPU.Deploy.0 = Release|Any CPU
		{0A0AE29E-86AE-473F-89CD-E13651A8D0D8}.Debug|Any CPU.ActiveCfg = Debug|Any CPU
		{0A0AE29E-86AE-473F-89CD-E13651A8D0D8}.Debug|Any CPU.Build.0 = Debug|Any CPU
		{0A0AE29E-86AE-473F-89CD-E13651A8D0D8}.Release|Any CPU.ActiveCfg = Release|Any CPU
		{0A0AE29E-86AE-473F-89CD-E13651A8D0D8}.Release|Any CPU.Build.0 = Release|Any CPU
		{3746D363-2682-4EF1-856C-69D406BE1406}.Debug|Any CPU.ActiveCfg = Debug|Any CPU
		{3746D363-2682-4EF1-856C-69D406BE1406}.Debug|Any CPU.Build.0 = Debug|Any CPU
		{3746D363-2682-4EF1-856C-69D406BE1406}.Debug|Any CPU.Deploy.0 = Debug|Any CPU
		{3746D363-2682-4EF1-856C-69D406BE1406}.Release|Any CPU.ActiveCfg = Release|Any CPU
		{3746D363-2682-4EF1-856C-69D406BE1406}.Release|Any CPU.Build.0 = Release|Any CPU
		{3746D363-2682-4EF1-856C-69D406BE1406}.Release|Any CPU.Deploy.0 = Release|Any CPU
		{B5C5CEA2-C825-4C0C-AF89-36EB9311EB96}.Debug|Any CPU.ActiveCfg = Debug|Any CPU
		{B5C5CEA2-C825-4C0C-AF89-36EB9311EB96}.Debug|Any CPU.Build.0 = Debug|Any CPU
		{B5C5CEA2-C825-4C0C-AF89-36EB9311EB96}.Release|Any CPU.ActiveCfg = Release|Any CPU
		{B5C5CEA2-C825-4C0C-AF89-36EB9311EB96}.Release|Any CPU.Build.0 = Release|Any CPU
		{22061440-6260-4A10-B472-C301F649E2B4}.Debug|Any CPU.ActiveCfg = Debug|Any CPU
		{22061440-6260-4A10-B472-C301F649E2B4}.Debug|Any CPU.Build.0 = Debug|Any CPU
		{22061440-6260-4A10-B472-C301F649E2B4}.Debug|Any CPU.Deploy.0 = Debug|Any CPU
		{22061440-6260-4A10-B472-C301F649E2B4}.Release|Any CPU.ActiveCfg = Release|Any CPU
		{22061440-6260-4A10-B472-C301F649E2B4}.Release|Any CPU.Build.0 = Release|Any CPU
		{22061440-6260-4A10-B472-C301F649E2B4}.Release|Any CPU.Deploy.0 = Release|Any CPU
		{4E2A12A4-549C-404D-8B43-D3C07C2881C2}.Debug|Any CPU.ActiveCfg = Debug|Any CPU
		{4E2A12A4-549C-404D-8B43-D3C07C2881C2}.Debug|Any CPU.Build.0 = Debug|Any CPU
		{4E2A12A4-549C-404D-8B43-D3C07C2881C2}.Release|Any CPU.ActiveCfg = Release|Any CPU
		{4E2A12A4-549C-404D-8B43-D3C07C2881C2}.Release|Any CPU.Build.0 = Release|Any CPU
		{2400E420-7156-4CAE-857D-5C81E7D8554C}.Debug|Any CPU.ActiveCfg = Debug|Any CPU
		{2400E420-7156-4CAE-857D-5C81E7D8554C}.Debug|Any CPU.Build.0 = Debug|Any CPU
		{2400E420-7156-4CAE-857D-5C81E7D8554C}.Debug|Any CPU.Deploy.0 = Debug|Any CPU
		{2400E420-7156-4CAE-857D-5C81E7D8554C}.Release|Any CPU.ActiveCfg = Release|Any CPU
		{2400E420-7156-4CAE-857D-5C81E7D8554C}.Release|Any CPU.Build.0 = Release|Any CPU
		{2400E420-7156-4CAE-857D-5C81E7D8554C}.Release|Any CPU.Deploy.0 = Release|Any CPU
		{89CC03ED-2E55-46C6-91AA-3E2B33B8E72D}.Debug|Any CPU.ActiveCfg = Debug|Any CPU
		{89CC03ED-2E55-46C6-91AA-3E2B33B8E72D}.Debug|Any CPU.Build.0 = Debug|Any CPU
		{89CC03ED-2E55-46C6-91AA-3E2B33B8E72D}.Release|Any CPU.ActiveCfg = Release|Any CPU
		{89CC03ED-2E55-46C6-91AA-3E2B33B8E72D}.Release|Any CPU.Build.0 = Release|Any CPU
		{D717729D-FD47-4FBF-A83F-E6A5A18B9926}.Debug|Any CPU.ActiveCfg = Debug|Any CPU
		{D717729D-FD47-4FBF-A83F-E6A5A18B9926}.Debug|Any CPU.Build.0 = Debug|Any CPU
		{D717729D-FD47-4FBF-A83F-E6A5A18B9926}.Debug|Any CPU.Deploy.0 = Debug|Any CPU
		{D717729D-FD47-4FBF-A83F-E6A5A18B9926}.Release|Any CPU.ActiveCfg = Release|Any CPU
		{D717729D-FD47-4FBF-A83F-E6A5A18B9926}.Release|Any CPU.Build.0 = Release|Any CPU
		{D717729D-FD47-4FBF-A83F-E6A5A18B9926}.Release|Any CPU.Deploy.0 = Release|Any CPU
		{8102E4FB-5C90-4831-B87A-1F6DE9A06565}.Debug|Any CPU.ActiveCfg = Debug|Any CPU
		{8102E4FB-5C90-4831-B87A-1F6DE9A06565}.Debug|Any CPU.Build.0 = Debug|Any CPU
		{8102E4FB-5C90-4831-B87A-1F6DE9A06565}.Release|Any CPU.ActiveCfg = Release|Any CPU
		{8102E4FB-5C90-4831-B87A-1F6DE9A06565}.Release|Any CPU.Build.0 = Release|Any CPU
	EndGlobalSection
	GlobalSection(SolutionProperties) = preSolution
		HideSolutionNode = FALSE
	EndGlobalSection
	GlobalSection(NestedProjects) = preSolution
		{82D1ECA4-35FE-4B97-B589-62027CFB463A} = {140556ED-D57C-4E0F-B2DC-F0510E1EA865}
		{5F15F41A-E0E3-4255-8C43-5951C7C390E0} = {140556ED-D57C-4E0F-B2DC-F0510E1EA865}
		{8F6C685F-85CF-453B-8E88-F3443F68DDFC} = {14FF60BE-85E8-4864-8474-5F593AE00268}
		{BCCC4971-377A-4C3F-A21A-65FAC10A5050} = {14FF60BE-85E8-4864-8474-5F593AE00268}
		{9C11742F-F6C1-4E25-AF95-DAA4EF08A157} = {AE225397-C8F6-45CF-A5CF-3715B784BAC8}
		{D164955E-626F-40BD-8E3E-95E28E4B7353} = {AE225397-C8F6-45CF-A5CF-3715B784BAC8}
		{0E4F329B-B531-49CB-A8B3-199A900FFCDF} = {1E662F8B-1A08-4CC7-B586-42E8B6C063F0}
		{4518B74F-5716-4C96-BC2E-136245896EB3} = {1E662F8B-1A08-4CC7-B586-42E8B6C063F0}
		{2967323D-82A5-43B8-9A5B-D9F90C70C4CD} = {A0F06069-CBFB-4A0C-89E6-7726E3836020}
		{245BF825-F54B-40B1-841F-5356F92E042F} = {A0F06069-CBFB-4A0C-89E6-7726E3836020}
		{1021DB5F-163C-4ED9-8DEB-60F57BCB6EC4} = {DFA257AD-7C7E-48E2-A054-9DCFD9DAA0B8}
		{2E7995BB-E8C9-45AF-A307-05BEAED9380F} = {DFA257AD-7C7E-48E2-A054-9DCFD9DAA0B8}
		{A7278521-E23A-4D36-81D9-82A3ABAFBAC9} = {7FE05A29-C457-4008-AB53-45D7E9ACB455}
		{2D165ABD-A5A1-459C-A589-F53A25230DF5} = {7FE05A29-C457-4008-AB53-45D7E9ACB455}
		{4C438666-511D-41E7-9AEE-1DA855F60061} = {D3F54123-3795-43DB-86E2-078F48F8E267}
		{8F93313C-FB8A-4E93-AAC9-DEB450654EF2} = {D3F54123-3795-43DB-86E2-078F48F8E267}
		{FB623251-DF16-4A3A-B88B-61E28E41A4B4} = {AE229EFB-4D5C-44A7-A40D-2AA5F7F629C1}
		{174CDDB0-5334-4043-B55B-9B17B3D306E4} = {AE229EFB-4D5C-44A7-A40D-2AA5F7F629C1}
		{E3FC46B5-80AB-4D3D-981D-C641636B691D} = {AE229EFB-4D5C-44A7-A40D-2AA5F7F629C1}
		{E6043F7C-19A7-4B15-B482-64810232DC85} = {D31EAE47-E3B8-435D-B1FA-E4E95AF391DB}
		{855139F1-F5A1-45A1-B1F9-9FCB7D1DD1EA} = {D31EAE47-E3B8-435D-B1FA-E4E95AF391DB}
		{F5A9DC3C-E62E-40E9-8FCD-3A76BEC7C8A1} = {D31EAE47-E3B8-435D-B1FA-E4E95AF391DB}
		{6FA42F3E-2E9C-4125-AD08-76BB3DF59433} = {C064FC09-8BB2-4911-B6D4-64EFA8B5ADF5}
		{3291D7BD-948B-4CF6-B542-656070FBF1CD} = {C064FC09-8BB2-4911-B6D4-64EFA8B5ADF5}
		{A21DF44F-C35A-4337-A205-BC8397755FA9} = {C064FC09-8BB2-4911-B6D4-64EFA8B5ADF5}
		{0A0AE29E-86AE-473F-89CD-E13651A8D0D8} = {C064FC09-8BB2-4911-B6D4-64EFA8B5ADF5}
		{3746D363-2682-4EF1-856C-69D406BE1406} = {49FA47EF-96C5-47F5-8FBD-AB3650B75632}
		{B5C5CEA2-C825-4C0C-AF89-36EB9311EB96} = {49FA47EF-96C5-47F5-8FBD-AB3650B75632}
		{22061440-6260-4A10-B472-C301F649E2B4} = {0542C931-9F9F-46B3-800E-9E4DF802B499}
		{4E2A12A4-549C-404D-8B43-D3C07C2881C2} = {0542C931-9F9F-46B3-800E-9E4DF802B499}
		{2400E420-7156-4CAE-857D-5C81E7D8554C} = {7F28D9CB-8BD4-4F13-9A58-5B25F7BB4626}
		{89CC03ED-2E55-46C6-91AA-3E2B33B8E72D} = {7F28D9CB-8BD4-4F13-9A58-5B25F7BB4626}
		{D717729D-FD47-4FBF-A83F-E6A5A18B9926} = {7F28D9CB-8BD4-4F13-9A58-5B25F7BB4626}
		{8102E4FB-5C90-4831-B87A-1F6DE9A06565} = {7F28D9CB-8BD4-4F13-9A58-5B25F7BB4626}
		{EB6B4FE5-9BBA-4D0C-B91D-1071B5170571} = {7F28D9CB-8BD4-4F13-9A58-5B25F7BB4626}
	EndGlobalSection
	GlobalSection(ExtensibilityGlobals) = postSolution
		SolutionGuid = {38DDA83A-BA48-4266-9E0D-D34DD0BD7259}
	EndGlobalSection
EndGlobal
